{
  "version": 4,
  "terraform_version": "1.5.6",
  "serial": 115,
  "lineage": "e744f05b-755f-f47a-f4e3-e697d897dd93",
  "outputs": {
    "public_ip": {
      "value": "34.216.108.64",
      "type": "string"
    },
    "public_subnet_ids": {
      "value": "subnet-057b86d3477e17c0f",
      "type": "string"
    },
    "sg_id": {
      "value": "sg-03a895bdd4c294523",
      "type": "string"
    },
    "vpc_id": {
      "value": "vpc-0499191832ff94bd1",
      "type": "string"
    }
  },
  "resources": [
    {
      "mode": "managed",
      "type": "aws_iam_instance_profile",
      "name": "ec2_profile",
      "provider": "provider[\"registry.terraform.io/hashicorp/aws\"]",
      "instances": [
        {
          "schema_version": 0,
          "attributes": {
            "arn": "arn:aws:iam::514883217015:instance-profile/ec2_profile",
            "create_date": "2023-11-12T10:06:05Z",
            "id": "ec2_profile",
            "name": "ec2_profile",
            "name_prefix": "",
            "path": "/",
            "role": "ec2_role",
            "tags": null,
            "tags_all": {},
            "unique_id": "AIPAXPYLOMZ32OZV4HVEO"
          },
          "sensitive_attributes": [],
          "private": "bnVsbA==",
          "dependencies": [
            "aws_iam_role.ec2"
          ]
        }
      ]
    },
    {
      "mode": "managed",
      "type": "aws_iam_policy",
      "name": "ec2",
      "provider": "provider[\"registry.terraform.io/hashicorp/aws\"]",
      "instances": [
        {
          "schema_version": 0,
          "attributes": {
            "arn": "arn:aws:iam::514883217015:policy/ec2_role_policy",
            "description": "",
            "id": "arn:aws:iam::514883217015:policy/ec2_role_policy",
            "name": "ec2_role_policy",
            "name_prefix": "",
            "path": "/",
            "policy": "{\"Statement\":[{\"Action\":[\"lambda:*\"],\"Effect\":\"Allow\",\"Resource\":\"*\"}],\"Version\":\"2012-10-17\"}",
            "policy_id": "ANPAXPYLOMZ32KJELPH6I",
            "tags": null,
            "tags_all": {}
          },
          "sensitive_attributes": [],
          "private": "bnVsbA=="
        }
      ]
    },
    {
      "mode": "managed",
      "type": "aws_iam_policy",
      "name": "lambda",
      "provider": "provider[\"registry.terraform.io/hashicorp/aws\"]",
      "instances": [
        {
          "schema_version": 0,
          "attributes": {
            "arn": "arn:aws:iam::514883217015:policy/lambda_role_policy",
            "description": "",
            "id": "arn:aws:iam::514883217015:policy/lambda_role_policy",
            "name": "lambda_role_policy",
            "name_prefix": "",
            "path": "/",
            "policy": "{\"Statement\":[{\"Action\":[\"ec2:*\",\"logs:CreateLogGroup\",\"logs:CreateLogStream\",\"logs:PutLogEvents\"],\"Effect\":\"Allow\",\"Resource\":\"*\"}],\"Version\":\"2012-10-17\"}",
            "policy_id": "ANPAXPYLOMZ32J6IFLK7Z",
            "tags": null,
            "tags_all": {}
          },
          "sensitive_attributes": [],
          "private": "bnVsbA=="
        }
      ]
    },
    {
      "mode": "managed",
      "type": "aws_iam_role",
      "name": "ec2",
      "provider": "provider[\"registry.terraform.io/hashicorp/aws\"]",
      "instances": [
        {
          "schema_version": 0,
          "attributes": {
            "arn": "arn:aws:iam::514883217015:role/ec2_role",
            "assume_role_policy": "{\"Statement\":[{\"Action\":\"sts:AssumeRole\",\"Effect\":\"Allow\",\"Principal\":{\"Service\":\"ec2.amazonaws.com\"},\"Sid\":\"\"}],\"Version\":\"2012-10-17\"}",
            "create_date": "2023-11-12T10:06:04Z",
            "description": "",
            "force_detach_policies": false,
            "id": "ec2_role",
            "inline_policy": [],
            "managed_policy_arns": [],
            "max_session_duration": 3600,
            "name": "ec2_role",
            "name_prefix": "",
            "path": "/",
            "permissions_boundary": "",
            "tags": null,
            "tags_all": {},
            "unique_id": "AROAXPYLOMZ3QSJD7SRGD"
          },
          "sensitive_attributes": [],
          "private": "bnVsbA=="
        }
      ]
    },
    {
      "mode": "managed",
      "type": "aws_iam_role",
      "name": "lambda",
      "provider": "provider[\"registry.terraform.io/hashicorp/aws\"]",
      "instances": [
        {
          "schema_version": 0,
          "attributes": {
            "arn": "arn:aws:iam::514883217015:role/lambda_role",
            "assume_role_policy": "{\"Statement\":[{\"Action\":\"sts:AssumeRole\",\"Effect\":\"Allow\",\"Principal\":{\"Service\":\"lambda.amazonaws.com\"},\"Sid\":\"\"}],\"Version\":\"2012-10-17\"}",
            "create_date": "2023-11-12T10:06:04Z",
            "description": "",
            "force_detach_policies": false,
            "id": "lambda_role",
            "inline_policy": [],
            "managed_policy_arns": [],
            "max_session_duration": 3600,
            "name": "lambda_role",
            "name_prefix": "",
            "path": "/",
            "permissions_boundary": "",
            "tags": null,
            "tags_all": {},
            "unique_id": "AROAXPYLOMZ3YP7ETGLS4"
          },
          "sensitive_attributes": [],
          "private": "bnVsbA=="
        }
      ]
    },
    {
      "mode": "managed",
      "type": "aws_iam_role_policy_attachment",
      "name": "attach_2",
      "provider": "provider[\"registry.terraform.io/hashicorp/aws\"]",
      "instances": [
        {
          "schema_version": 0,
          "attributes": {
            "id": "ec2_role-20231112100605889400000002",
            "policy_arn": "arn:aws:iam::514883217015:policy/ec2_role_policy",
            "role": "ec2_role"
          },
          "sensitive_attributes": [],
          "private": "bnVsbA==",
          "dependencies": [
            "aws_iam_policy.ec2",
            "aws_iam_role.ec2"
          ]
        }
      ]
    },
    {
      "mode": "managed",
      "type": "aws_iam_role_policy_attachment",
      "name": "policy_attach",
      "provider": "provider[\"registry.terraform.io/hashicorp/aws\"]",
      "instances": [
        {
          "schema_version": 0,
          "attributes": {
            "id": "lambda_role-20231112100605719700000001",
            "policy_arn": "arn:aws:iam::514883217015:policy/lambda_role_policy",
            "role": "lambda_role"
          },
          "sensitive_attributes": [],
          "private": "bnVsbA==",
          "dependencies": [
            "aws_iam_policy.lambda",
            "aws_iam_role.lambda"
          ]
        }
      ]
    },
    {
      "mode": "managed",
      "type": "aws_instance",
      "name": "app_server",
      "provider": "provider[\"registry.terraform.io/hashicorp/aws\"]",
      "instances": [
        {
          "schema_version": 1,
          "attributes": {
            "ami": "ami-03d5c68bab01f3496",
            "arn": "arn:aws:ec2:us-west-2:514883217015:instance/i-0666fad5aebf6f9e3",
            "associate_public_ip_address": true,
            "availability_zone": "us-west-2a",
            "capacity_reservation_specification": [
              {
                "capacity_reservation_preference": "open",
                "capacity_reservation_target": []
              }
            ],
            "cpu_core_count": 1,
            "cpu_options": [
              {
                "amd_sev_snp": "",
                "core_count": 1,
                "threads_per_core": 1
              }
            ],
            "cpu_threads_per_core": 1,
            "credit_specification": [
              {
                "cpu_credits": "standard"
              }
            ],
            "disable_api_stop": false,
            "disable_api_termination": false,
            "ebs_block_device": [],
            "ebs_optimized": false,
            "enclave_options": [
              {
                "enabled": false
              }
            ],
            "ephemeral_block_device": [],
            "get_password_data": false,
            "hibernation": false,
            "host_id": "",
            "host_resource_group_arn": null,
            "iam_instance_profile": "ec2_profile",
            "id": "i-0666fad5aebf6f9e3",
            "instance_initiated_shutdown_behavior": "stop",
            "instance_lifecycle": "",
            "instance_market_options": [],
            "instance_state": "running",
            "instance_type": "t2.micro",
            "ipv6_address_count": 0,
            "ipv6_addresses": [],
            "key_name": "my_ssh_key-63ndmyp8q6",
            "launch_template": [],
            "maintenance_options": [
              {
                "auto_recovery": "default"
              }
            ],
            "metadata_options": [
              {
                "http_endpoint": "enabled",
                "http_protocol_ipv6": "disabled",
                "http_put_response_hop_limit": 1,
                "http_tokens": "optional",
                "instance_metadata_tags": "disabled"
              }
            ],
            "monitoring": false,
            "network_interface": [],
            "outpost_arn": "",
            "password_data": "",
            "placement_group": "",
            "placement_partition_number": 0,
            "primary_network_interface_id": "eni-064103b287785b30e",
            "private_dns": "ip-10-0-0-176.us-west-2.compute.internal",
            "private_dns_name_options": [
              {
                "enable_resource_name_dns_a_record": false,
                "enable_resource_name_dns_aaaa_record": false,
                "hostname_type": "ip-name"
              }
            ],
            "private_ip": "10.0.0.176",
            "public_dns": "ec2-34-216-108-64.us-west-2.compute.amazonaws.com",
            "public_ip": "34.216.108.64",
            "root_block_device": [
              {
                "delete_on_termination": true,
                "device_name": "/dev/sda1",
                "encrypted": false,
                "iops": 100,
                "kms_key_id": "",
                "tags": {},
                "throughput": 0,
                "volume_id": "vol-0819dfcc504fe0a27",
                "volume_size": 8,
                "volume_type": "gp2"
              }
            ],
            "secondary_private_ips": [],
            "security_groups": [],
            "source_dest_check": true,
            "spot_instance_request_id": "",
            "subnet_id": "subnet-057b86d3477e17c0f",
            "tags": {
              "module": "ec2-module-instance"
            },
            "tags_all": {
              "module": "ec2-module-instance"
            },
            "tenancy": "default",
            "timeouts": null,
            "user_data": "426142c73c2cad077d5dc984ffec4a0a316115bf",
            "user_data_base64": null,
            "user_data_replace_on_change": false,
            "volume_tags": null,
            "vpc_security_group_ids": [
              "sg-03a895bdd4c294523"
            ]
          },
          "sensitive_attributes": [],
          "private": "eyJlMmJmYjczMC1lY2FhLTExZTYtOGY4OC0zNDM2M2JjN2M0YzAiOnsiY3JlYXRlIjo2MDAwMDAwMDAwMDAsImRlbGV0ZSI6MTIwMDAwMDAwMDAwMCwidXBkYXRlIjo2MDAwMDAwMDAwMDB9LCJzY2hlbWFfdmVyc2lvbiI6IjEifQ==",
          "dependencies": [
            "aws_iam_instance_profile.ec2_profile",
            "aws_iam_role.ec2",
            "aws_key_pair.ssh",
            "aws_security_group.allow_tls",
            "aws_subnet.public-subnet",
            "aws_vpc.stack-example-vpc",
            "random_string.random_name",
            "tls_private_key.ssh_key"
          ]
        }
      ]
    },
    {
      "mode": "managed",
      "type": "aws_internet_gateway",
      "name": "gateway",
      "provider": "provider[\"registry.terraform.io/hashicorp/aws\"]",
      "instances": [
        {
          "schema_version": 0,
          "attributes": {
            "arn": "arn:aws:ec2:us-west-2:514883217015:internet-gateway/igw-0b82adc8e6989f531",
            "id": "igw-0b82adc8e6989f531",
            "owner_id": "514883217015",
            "tags": {
              "Name": "my-module-VPC-internet-Gateway"
            },
            "tags_all": {
              "Name": "my-module-VPC-internet-Gateway"
            },
            "timeouts": null,
            "vpc_id": "vpc-0499191832ff94bd1"
          },
          "sensitive_attributes": [],
          "private": "eyJlMmJmYjczMC1lY2FhLTExZTYtOGY4OC0zNDM2M2JjN2M0YzAiOnsiY3JlYXRlIjoxMjAwMDAwMDAwMDAwLCJkZWxldGUiOjEyMDAwMDAwMDAwMDAsInVwZGF0ZSI6MTIwMDAwMDAwMDAwMH19",
          "dependencies": [
            "aws_vpc.stack-example-vpc"
          ]
        }
      ]
    },
    {
      "mode": "managed",
      "type": "aws_key_pair",
      "name": "ssh",
      "provider": "provider[\"registry.terraform.io/hashicorp/aws\"]",
      "instances": [
        {
          "schema_version": 1,
          "attributes": {
            "arn": "arn:aws:ec2:us-west-2:514883217015:key-pair/my_ssh_key-63ndmyp8q6",
            "fingerprint": "f3:19:26:16:b1:99:54:c5:92:82:91:ca:6f:7a:71:34",
            "id": "my_ssh_key-63ndmyp8q6",
            "key_name": "my_ssh_key-63ndmyp8q6",
            "key_name_prefix": "",
            "key_pair_id": "key-053357ef6ade50664",
            "key_type": "rsa",
            "public_key": "ssh-rsa AAAAB3NzaC1yc2EAAAADAQABAAACAQDzpd39L//9M5Y8BJ9Tj2rlGf/Viy5nQ8x75Ats2b32lXLN0zrKNisb55nzg+lRamOgK9UJ0O4gycBIMxNR161EdqRZM7wuy7ov/8t1/q0bkl23tHpL7e6gigGtlE3TkCemKXahIVUd7ERT9+H2yBxduxE7frrqjH5UqBDKinmwsXnrgRWMWLngF1Bw6CG/ERVsMVTHDwdOD9glpT7QTazMjp8JV/teQIHsfjPjWn/dAIS7kmpKRJEBsIQOb3B27dcTU0tOrilIMdgu7H47w/Zx7WnohF5CzPpiOlknmPBZLZAXvDEIW9C41XZoWvxTssTzvrBHOyiV9so9Sz3W8HINSLhoFtedctYP1tLMNq/QrhcSvkJ1XE0baVjaUTCZQkqdGg+I/JJC+drzDA5/UNjazAKzegDK9dwOdB3lpxiRvVUbA4tbpaesARS++DtSH3J1aVMqFgTJVoGP0F3OOAH2tDujwuDjy7eJy62PK0yAvO3Rn3njYMolnV0NL8hD/qC+lqYJ8y8CIKCyvsh+vsjrMeNVjKBpEXZxeTf3ebtUoo1hI/NctjWu7/TXeAm/EpoPVsiPz1kU3FZQjrJ/xX9li/JRhSSQiXDkJLJLDjtBHROSCLKzWLGs702hRsYt5sZBjVANo9chTw685fLevFL9jeRGkIe74/mlqsmPfYRCmQ==",
            "tags": null,
            "tags_all": {}
          },
          "sensitive_attributes": [],
          "private": "eyJzY2hlbWFfdmVyc2lvbiI6IjEifQ==",
          "dependencies": [
            "random_string.random_name",
            "tls_private_key.ssh_key"
          ]
        }
      ]
    },
    {
      "mode": "managed",
      "type": "aws_lambda_function",
      "name": "hello",
      "provider": "provider[\"registry.terraform.io/hashicorp/aws\"]",
      "instances": [
        {
          "schema_version": 0,
          "attributes": {
            "architectures": [
              "x86_64"
            ],
            "arn": "arn:aws:lambda:us-west-2:514883217015:function:hello",
            "code_signing_config_arn": "",
            "dead_letter_config": [],
            "description": "Notifies/ Actions for CIS",
            "environment": [
              {
                "variables": {
                  "REGION": "us-west-2"
                }
              }
            ],
            "ephemeral_storage": [
              {
                "size": 512
              }
            ],
            "file_system_config": [],
            "filename": "hello.zip",
            "function_name": "hello",
            "handler": "hello.lambda_handler",
            "id": "hello",
            "image_config": [],
            "image_uri": "",
            "invoke_arn": "arn:aws:apigateway:us-west-2:lambda:path/2015-03-31/functions/arn:aws:lambda:us-west-2:514883217015:function:hello/invocations",
            "kms_key_arn": "",
            "last_modified": "2023-11-12T10:06:32.039+0000",
            "layers": null,
            "memory_size": 256,
            "package_type": "Zip",
            "publish": false,
            "qualified_arn": "arn:aws:lambda:us-west-2:514883217015:function:hello:$LATEST",
            "qualified_invoke_arn": "arn:aws:apigateway:us-west-2:lambda:path/2015-03-31/functions/arn:aws:lambda:us-west-2:514883217015:function:hello:$LATEST/invocations",
            "replace_security_groups_on_destroy": null,
            "replacement_security_group_ids": null,
            "reserved_concurrent_executions": -1,
            "role": "arn:aws:iam::514883217015:role/lambda_role",
            "runtime": "python3.7",
            "s3_bucket": null,
            "s3_key": null,
            "s3_object_version": null,
            "signing_job_arn": "",
            "signing_profile_version_arn": "",
            "skip_destroy": false,
            "snap_start": [],
            "source_code_hash": "6zuhW2J1LhFMuIk0+Me9eYqEHkoNgMbsblAUYf+g5e4=",
            "source_code_size": 299,
            "tags": null,
            "tags_all": {},
            "timeout": 10,
            "timeouts": null,
            "tracing_config": [
              {
                "mode": "PassThrough"
              }
            ],
            "version": "$LATEST",
            "vpc_config": [
              {
                "ipv6_allowed_for_dual_stack": false,
                "security_group_ids": [
                  "sg-03a895bdd4c294523"
                ],
                "subnet_ids": [
                  "subnet-091adddcf22ce3fc2"
                ],
                "vpc_id": "vpc-0499191832ff94bd1"
              }
            ]
          },
          "sensitive_attributes": [],
          "private": "eyJlMmJmYjczMC1lY2FhLTExZTYtOGY4OC0zNDM2M2JjN2M0YzAiOnsiY3JlYXRlIjo2MDAwMDAwMDAwMDAsImRlbGV0ZSI6NjAwMDAwMDAwMDAwLCJ1cGRhdGUiOjYwMDAwMDAwMDAwMH19",
          "dependencies": [
            "aws_iam_role.lambda",
            "aws_security_group.allow_tls",
            "aws_subnet.public-subnet2",
            "aws_vpc.stack-example-vpc"
          ]
        }
      ]
    },
    {
      "mode": "managed",
      "type": "aws_route_table",
      "name": "public-route",
      "provider": "provider[\"registry.terraform.io/hashicorp/aws\"]",
      "instances": [
        {
          "schema_version": 0,
          "attributes": {
            "arn": "arn:aws:ec2:us-west-2:514883217015:route-table/rtb-0e6ad208b5d970e99",
            "id": "rtb-0e6ad208b5d970e99",
            "owner_id": "514883217015",
            "propagating_vgws": [],
            "route": [
              {
                "carrier_gateway_id": "",
                "cidr_block": "0.0.0.0/0",
                "core_network_arn": "",
                "destination_prefix_list_id": "",
                "egress_only_gateway_id": "",
                "gateway_id": "igw-0b82adc8e6989f531",
                "ipv6_cidr_block": "",
                "local_gateway_id": "",
                "nat_gateway_id": "",
                "network_interface_id": "",
                "transit_gateway_id": "",
                "vpc_endpoint_id": "",
                "vpc_peering_connection_id": ""
              }
            ],
            "tags": {
              "Name": "my-module-Pub-subnet-route"
            },
            "tags_all": {
              "Name": "my-module-Pub-subnet-route"
            },
            "timeouts": null,
            "vpc_id": "vpc-0499191832ff94bd1"
          },
          "sensitive_attributes": [],
          "private": "eyJlMmJmYjczMC1lY2FhLTExZTYtOGY4OC0zNDM2M2JjN2M0YzAiOnsiY3JlYXRlIjozMDAwMDAwMDAwMDAsImRlbGV0ZSI6MzAwMDAwMDAwMDAwLCJ1cGRhdGUiOjEyMDAwMDAwMDAwMH19",
          "dependencies": [
            "aws_internet_gateway.gateway",
            "aws_subnet.public-subnet",
            "aws_vpc.stack-example-vpc"
          ]
        }
      ]
    },
    {
      "mode": "managed",
      "type": "aws_route_table_association",
      "name": "public-subnet",
      "provider": "provider[\"registry.terraform.io/hashicorp/aws\"]",
      "instances": [
        {
          "schema_version": 0,
          "attributes": {
            "gateway_id": "",
            "id": "rtbassoc-0f76a5038f1625922",
            "route_table_id": "rtb-0e6ad208b5d970e99",
            "subnet_id": "subnet-057b86d3477e17c0f",
            "timeouts": null
          },
          "sensitive_attributes": [],
          "private": "eyJlMmJmYjczMC1lY2FhLTExZTYtOGY4OC0zNDM2M2JjN2M0YzAiOnsiY3JlYXRlIjozMDAwMDAwMDAwMDAsImRlbGV0ZSI6MzAwMDAwMDAwMDAwLCJ1cGRhdGUiOjEyMDAwMDAwMDAwMH19",
          "dependencies": [
            "aws_internet_gateway.gateway",
            "aws_route_table.public-route",
            "aws_subnet.public-subnet",
            "aws_vpc.stack-example-vpc"
          ]
        }
      ]
    },
    {
      "mode": "managed",
      "type": "aws_security_group",
      "name": "allow_tls",
      "provider": "provider[\"registry.terraform.io/hashicorp/aws\"]",
      "instances": [
        {
          "schema_version": 1,
          "attributes": {
            "arn": "arn:aws:ec2:us-west-2:514883217015:security-group/sg-03a895bdd4c294523",
            "description": "Allow TLS inbound traffic",
            "egress": [
              {
                "cidr_blocks": [
                  "0.0.0.0/0"
                ],
                "description": "",
                "from_port": 0,
                "ipv6_cidr_blocks": [],
                "prefix_list_ids": [],
                "protocol": "-1",
                "security_groups": [],
                "self": false,
                "to_port": 0
              }
            ],
            "id": "sg-03a895bdd4c294523",
            "ingress": [
              {
                "cidr_blocks": [
                  "0.0.0.0/0"
                ],
                "description": "",
                "from_port": 22,
                "ipv6_cidr_blocks": [],
                "prefix_list_ids": [],
                "protocol": "tcp",
                "security_groups": [],
                "self": false,
                "to_port": 22
              },
              {
                "cidr_blocks": [
                  "0.0.0.0/0"
                ],
                "description": "",
                "from_port": 443,
                "ipv6_cidr_blocks": [],
                "prefix_list_ids": [],
                "protocol": "tcp",
                "security_groups": [],
                "self": false,
                "to_port": 443
              },
              {
                "cidr_blocks": [
                  "0.0.0.0/0"
                ],
                "description": "",
                "from_port": 5900,
                "ipv6_cidr_blocks": [],
                "prefix_list_ids": [],
                "protocol": "tcp",
                "security_groups": [],
                "self": false,
                "to_port": 5900
              },
              {
                "cidr_blocks": [
                  "0.0.0.0/0"
                ],
                "description": "",
                "from_port": 80,
                "ipv6_cidr_blocks": [],
                "prefix_list_ids": [],
                "protocol": "tcp",
                "security_groups": [],
                "self": false,
                "to_port": 80
              },
              {
                "cidr_blocks": [
                  "0.0.0.0/0"
                ],
                "description": "",
                "from_port": 9222,
                "ipv6_cidr_blocks": [],
                "prefix_list_ids": [],
                "protocol": "tcp",
                "security_groups": [],
                "self": false,
                "to_port": 9222
              }
            ],
            "name": "my-module-sg",
            "name_prefix": "",
            "owner_id": "514883217015",
            "revoke_rules_on_delete": false,
            "tags": null,
            "tags_all": {},
            "timeouts": null,
            "vpc_id": "vpc-0499191832ff94bd1"
          },
          "sensitive_attributes": [],
          "private": "eyJlMmJmYjczMC1lY2FhLTExZTYtOGY4OC0zNDM2M2JjN2M0YzAiOnsiY3JlYXRlIjo2MDAwMDAwMDAwMDAsImRlbGV0ZSI6OTAwMDAwMDAwMDAwfSwic2NoZW1hX3ZlcnNpb24iOiIxIn0=",
          "dependencies": [
            "aws_vpc.stack-example-vpc"
          ]
        }
      ]
    },
    {
      "mode": "managed",
      "type": "aws_subnet",
      "name": "public-subnet",
      "provider": "provider[\"registry.terraform.io/hashicorp/aws\"]",
      "instances": [
        {
          "schema_version": 1,
          "attributes": {
            "arn": "arn:aws:ec2:us-west-2:514883217015:subnet/subnet-057b86d3477e17c0f",
            "assign_ipv6_address_on_creation": false,
            "availability_zone": "us-west-2a",
            "availability_zone_id": "usw2-az1",
            "cidr_block": "10.0.0.0/24",
            "customer_owned_ipv4_pool": "",
            "enable_dns64": false,
            "enable_lni_at_device_index": 0,
            "enable_resource_name_dns_a_record_on_launch": false,
            "enable_resource_name_dns_aaaa_record_on_launch": false,
            "id": "subnet-057b86d3477e17c0f",
            "ipv6_cidr_block": "",
            "ipv6_cidr_block_association_id": "",
            "ipv6_native": false,
            "map_customer_owned_ip_on_launch": false,
            "map_public_ip_on_launch": true,
            "outpost_arn": "",
            "owner_id": "514883217015",
            "private_dns_hostname_type_on_launch": "ip-name",
            "tags": {
              "Name": "my module Public Subnet"
            },
            "tags_all": {
              "Name": "my module Public Subnet"
            },
            "timeouts": null,
            "vpc_id": "vpc-0499191832ff94bd1"
          },
          "sensitive_attributes": [],
          "private": "eyJlMmJmYjczMC1lY2FhLTExZTYtOGY4OC0zNDM2M2JjN2M0YzAiOnsiY3JlYXRlIjo2MDAwMDAwMDAwMDAsImRlbGV0ZSI6MTIwMDAwMDAwMDAwMH0sInNjaGVtYV92ZXJzaW9uIjoiMSJ9",
          "dependencies": [
            "aws_vpc.stack-example-vpc"
          ]
        }
      ]
    },
    {
      "mode": "managed",
      "type": "aws_subnet",
      "name": "public-subnet2",
      "provider": "provider[\"registry.terraform.io/hashicorp/aws\"]",
      "instances": [
        {
          "schema_version": 1,
          "attributes": {
            "arn": "arn:aws:ec2:us-west-2:514883217015:subnet/subnet-091adddcf22ce3fc2",
            "assign_ipv6_address_on_creation": false,
            "availability_zone": "us-west-2b",
            "availability_zone_id": "usw2-az2",
            "cidr_block": "10.0.1.0/24",
            "customer_owned_ipv4_pool": "",
            "enable_dns64": false,
            "enable_lni_at_device_index": 0,
            "enable_resource_name_dns_a_record_on_launch": false,
            "enable_resource_name_dns_aaaa_record_on_launch": false,
            "id": "subnet-091adddcf22ce3fc2",
            "ipv6_cidr_block": "",
            "ipv6_cidr_block_association_id": "",
            "ipv6_native": false,
            "map_customer_owned_ip_on_launch": false,
            "map_public_ip_on_launch": true,
            "outpost_arn": "",
            "owner_id": "514883217015",
            "private_dns_hostname_type_on_launch": "ip-name",
            "tags": {
              "Name": "my module Public Subnet2 for az"
            },
            "tags_all": {
              "Name": "my module Public Subnet2 for az"
            },
            "timeouts": null,
            "vpc_id": "vpc-0499191832ff94bd1"
          },
          "sensitive_attributes": [],
          "private": "eyJlMmJmYjczMC1lY2FhLTExZTYtOGY4OC0zNDM2M2JjN2M0YzAiOnsiY3JlYXRlIjo2MDAwMDAwMDAwMDAsImRlbGV0ZSI6MTIwMDAwMDAwMDAwMH0sInNjaGVtYV92ZXJzaW9uIjoiMSJ9",
          "dependencies": [
            "aws_vpc.stack-example-vpc"
          ]
        }
      ]
    },
    {
      "mode": "managed",
      "type": "aws_vpc",
      "name": "stack-example-vpc",
      "provider": "provider[\"registry.terraform.io/hashicorp/aws\"]",
      "instances": [
        {
          "schema_version": 1,
          "attributes": {
            "arn": "arn:aws:ec2:us-west-2:514883217015:vpc/vpc-0499191832ff94bd1",
            "assign_generated_ipv6_cidr_block": false,
            "cidr_block": "10.0.0.0/16",
            "default_network_acl_id": "acl-017026563606d9d19",
            "default_route_table_id": "rtb-037e63fbbfe19a544",
            "default_security_group_id": "sg-0f4d7632c2f109ebb",
            "dhcp_options_id": "dopt-0e92319230a75d773",
            "enable_dns_hostnames": true,
            "enable_dns_support": true,
            "enable_network_address_usage_metrics": false,
            "id": "vpc-0499191832ff94bd1",
            "instance_tenancy": "default",
            "ipv4_ipam_pool_id": null,
            "ipv4_netmask_length": null,
            "ipv6_association_id": "",
            "ipv6_cidr_block": "",
            "ipv6_cidr_block_network_border_group": "",
            "ipv6_ipam_pool_id": "",
            "ipv6_netmask_length": 0,
            "main_route_table_id": "rtb-037e63fbbfe19a544",
            "owner_id": "514883217015",
            "tags": {
              "Name": "my-module-vpc"
            },
            "tags_all": {
              "Name": "my-module-vpc"
            }
          },
          "sensitive_attributes": [],
          "private": "eyJzY2hlbWFfdmVyc2lvbiI6IjEifQ=="
        }
      ]
    },
    {
      "mode": "managed",
      "type": "local_file",
      "name": "aws_key",
      "provider": "provider[\"registry.terraform.io/hashicorp/local\"]",
      "instances": [
        {
          "schema_version": 0,
          "attributes": {
            "content": "-----BEGIN RSA PRIVATE KEY-----\nMIIJKgIBAAKCAgEA86Xd/S///TOWPASfU49q5Rn/1YsuZ0PMe+QLbNm99pVyzdM6\nyjYrG+eZ84PpUWpjoCvVCdDuIMnASDMTUdetRHakWTO8Lsu6L//Ldf6tG5Jdt7R6\nS+3uoIoBrZRN05Anpil2oSFVHexEU/fh9sgcXbsRO3666ox+VKgQyop5sLF564EV\njFi54BdQcOghvxEVbDFUxw8HTg/YJaU+0E2szI6fCVf7XkCB7H4z41p/3QCEu5Jq\nSkSRAbCEDm9wdu3XE1NLTq4pSDHYLux+O8P2ce1p6IReQsz6YjpZJ5jwWS2QF7wx\nCFvQuNV2aFr8U7LE876wRzsolfbKPUs91vByDUi4aBbXnXLWD9bSzDav0K4XEr5C\ndVxNG2lY2lEwmUJKnRoPiPySQvna8wwOf1DY2swCs3oAyvXcDnQd5acYkb1VGwOL\nW6WnrAEUvvg7Uh9ydWlTKhYEyVaBj9BdzjgB9rQ7o8Lg48u3icutjytMgLzt0Z95\n42DKJZ1dDS/IQ/6gvpamCfMvAiCgsr7Ifr7I6zHjVYygaRF2cXk393m7VKKNYSPz\nXLY1ru/013gJvxKaD1bIj89ZFNxWUI6yf8V/ZYvyUYUkkIlw5CSySw47QR0Tkgiy\ns1ixrO9NoUbGLebGQY1QDaPXIU8OvOXy3rxS/Y3kRpCHu+P5parJj32EQpkCAwEA\nAQKCAgArfWXcdZ7p4TVlzSVrUuQvtK5XvZow0IdFbfUkHtGrnA1788JAqd6UAokW\nUGtrHuRdiLVkJSj8LUbnHEbMiwTgfZTkXzmt2KuJOc1laGoZy8xyqAJUX0oC2d9m\nzlv98XNCU5BbPonk53Fi05I/7IQzrtpqljpi92TtU3p7zK/f/C3Y/ZeND6FOAJtZ\nK/YqFrCOOVf6mBIjuuxH+/D0WYkIkkSM9Gln73fBcN1uLY85MYh/uqjCTO7dMFbC\nBN48PEPxrSJ6DthLjKob5ha6MEZjG4+V81qn7dKbifK0ALaWFG3t7qeJ6GmfNGsI\nQYVco0JIh7cLX+HkssJyomWNYinZH/+cVEoGbxgXCH60QB7xzueV+LsITy1m9hwk\ng2y79ASKrn38LcPLJjFBIbSkum/tPE4iuPTWXXeNtGIKIAD3rDDWjK4rIdhBEOKE\nuKtNDMLUGqVVMqMNIIS38cZynYiP80fKTlv2b1Q6anqi6l2CUj50LKXV5dEBfWFJ\n27idEdEQzIlXKy9gn+wynqtmMTxE6Py/Mh8VawO5LMz2jtt5MK25yk6Tau3Pm5KL\niqiO3YhlKKrNFvG7mKmmhSEqBH+YmfkDv39Fh85tdcSWAyKDCs9VkUuvcJCR5J5n\nvyAjwwkoYtyJDVXPGF8UmKb89j39uUZYReipTpY2b3IqmjvpKQKCAQEA9VGwoROi\n8C1/qOID82Ko+BWRXKXpVYEjzrHkt9/EoABZHY1GBOFnH22QSYzeAS4Nm8qszeWS\nmB8RyPkmPw0W1+hop0/KXsKtFy6g7k2Pd23sS5FcjQO3ouqSqSAx2E3EXT+uKkU5\nbd+vEqzXzwjczthPx71pTI3kXTKT7MvEx2owvpY7PcMgRzp0OYApj+MJv2ROcOMp\nhrPhsJ2lU1NWRuuFrwXpFrKLI38NXI8qf3+oASD/651IosrpHEz5F1D5sz+pTYyV\n+ePYjsXV4HnhZLTKKzX/8HVXbkG5Q3XYtCjdk6ZgkgkDm+z84jg+4/vFtrDaFqm7\nZUvPQ2bgMkSr7wKCAQEA/kGM4DOz7n3i7qhUY/hVfuo+zZDLWsAaXeC4PtHUOTxU\n/VNqO6nV/RU1LRY2qxWlkrYDGmlnrEKV5vrwHpP0zxd2wjJhWbpu5DfXU8PhYVW0\n5VopzJOnZeeZhrDBnveF+/O9cDREiJcVRNziJMz4RtQyKRndvyyOqwfepoE6fYB3\nDKsEDPIfk+Cm44PWrecwxXz3dtCPX335CNn5TfjSR7KcNgZRaD/828aPpocyLopC\ni8vwUQEzxYgYeNZhDBKPhudQ+du1mjACm+AISiZBco1BFtb6ey/k0Z3/FssKENlz\n/nUGXARhDhQHiZ/6X96ubLYgGFTOTyhHShdnBiCR9wKCAQEAy7eNvQWIfnjaFU2z\nSC768CFA+DYS4V1/dcrGi2c4akI/vsmthqoDr9aVRm7DgSlURbZ17/mf1dGfPEyi\nVSOyf5NRLPeWr0Bs6t5e5+XiqKPQ4SQSPkwC+DhhmC7TFbPmyCT0pcecnEBvq0t7\nX0MV0nNRNSZ2xgriw/4XV0IT5CGr3uj0wyJBsMS69XEXkpRQaO6MMTSDLIg+eCNB\nwkNnVzeIaUK4QI/9+XktiFqfSQeiZWWZAHk5c26bTFQjWhh1c0P/fRWtCboLAO0K\n4gF0ieOUK3QJWQ6ojzfm+D1puppg/pbghQUVSSvxCI76supGUqLkSIOkyca9lFRf\nA3+BYwKCAQEAwqR173FFTs9qed+9cya6dMVovMAbHWcxCCsvgU/rEsIAIkrIadJz\nsiKZKeH2ifSxY2YZbA/DQRlcXo4+YnpMEHna/YHKCwHxQJ8LJeIv2O7e5DGpDCcB\nIL8zRexs3YCKPr5yiMJKsPJQYv5h1WBgtQBfQh2+J0s6EO6eYYNOvqMpADavjCWT\nTQbPXB8iqtDxAk7Pt1KkX6s1ibQs6acRe7fdZHJjwdYygiE4+XhIT16i4RiH6cts\n0cyFR4R+mNpgrBrLX+v104rrhF72maU9ty8x5AVBjiq1Fk/I568aDpoZ9XOrIahs\nkHV+67nf16LGjwzB9z59DhY8tRjDUup+MwKCAQEAg8vCfZ1GTdP4yQQ+3BmZc2Dk\nbGJUX66Y48LRJH1NwCqiZn/vrNvcCwDuNbOLXzVnXO04QPCGPG/jmvPAzxxm5Ty1\nRu6dEBN1KslbCkaNhIcSsjUe6RX6T9DbuF9D3JhF0eFDqwsoeqU+exW4sAhqh3l5\n392ydfX1cSEN2sdudPkC1eOC1I0msZt1KZWWawVqy7vueAhYheShkHeqWy3LdReq\nfoBV1j0uQXAGn4YiJCNSTSG44DIUetFvm8Ig3D2sY6eHcseyF8Xtgs/zOtxNVyEC\n6HRub85ztdGd9/3QBSq44KhlI1ivucE3POq2afNUUTEnj/+Hw265fbxbtZcrew==\n-----END RSA PRIVATE KEY-----\n",
            "content_base64": null,
            "content_base64sha256": "QlEIoXDMyvB1725+EOH6kuYqd9FEBCf4lTNe3tpMVfY=",
            "content_base64sha512": "G6dVLDeRmgLqDlpAcE4IQkIt42dDrBxl7KJI+zRWQgLb2274aycjRdMWaBJvkycJKGJGGu3SLKFUCsa9kNgC5w==",
            "content_md5": "1df2b310dcad1054cb8ad44eb52868c7",
            "content_sha1": "943af140e4d180aa5ef31431e50db5b9e61e0934",
            "content_sha256": "425108a170cccaf075ef6e7e10e1fa92e62a77d1440427f895335ededa4c55f6",
            "content_sha512": "1ba7552c37919a02ea0e5a40704e0842422de36743ac1c65eca248fb34564202dbdb6ef86b272345d31668126f9327092862461aedd22ca1540ac6bd90d802e7",
            "directory_permission": "0777",
            "file_permission": "0777",
            "filename": "my_ec2_key.pem",
            "id": "943af140e4d180aa5ef31431e50db5b9e61e0934",
            "sensitive_content": null,
            "source": null
          },
          "sensitive_attributes": [
            [
              {
                "type": "get_attr",
                "value": "content"
              }
            ]
          ],
          "dependencies": [
            "tls_private_key.ssh_key"
          ]
        }
      ]
    },
    {
      "mode": "managed",
      "type": "random_string",
      "name": "random_name",
      "provider": "provider[\"registry.terraform.io/hashicorp/random\"]",
      "instances": [
        {
          "schema_version": 2,
          "attributes": {
            "id": "63ndmyp8q6",
            "keepers": null,
            "length": 10,
            "lower": true,
            "min_lower": 0,
            "min_numeric": 0,
            "min_special": 0,
            "min_upper": 0,
            "number": true,
            "numeric": true,
            "override_special": null,
            "result": "63ndmyp8q6",
            "special": false,
            "upper": false
          },
          "sensitive_attributes": []
        }
      ]
    },
    {
      "mode": "managed",
      "type": "tls_private_key",
      "name": "ssh_key",
      "provider": "provider[\"registry.terraform.io/hashicorp/tls\"]",
      "instances": [
        {
          "schema_version": 1,
          "attributes": {
            "algorithm": "RSA",
            "ecdsa_curve": "P224",
            "id": "513a276432a8abded9665044fdd6b628be3f53ab",
            "private_key_openssh": "-----BEGIN OPENSSH PRIVATE KEY-----\nb3BlbnNzaC1rZXktdjEAAAAABG5vbmUAAAAEbm9uZQAAAAAAAAABAAACFwAAAAdz\nc2gtcnNhAAAAAwEAAQAAAgEA86Xd/S///TOWPASfU49q5Rn/1YsuZ0PMe+QLbNm9\n9pVyzdM6yjYrG+eZ84PpUWpjoCvVCdDuIMnASDMTUdetRHakWTO8Lsu6L//Ldf6t\nG5Jdt7R6S+3uoIoBrZRN05Anpil2oSFVHexEU/fh9sgcXbsRO3666ox+VKgQyop5\nsLF564EVjFi54BdQcOghvxEVbDFUxw8HTg/YJaU+0E2szI6fCVf7XkCB7H4z41p/\n3QCEu5JqSkSRAbCEDm9wdu3XE1NLTq4pSDHYLux+O8P2ce1p6IReQsz6YjpZJ5jw\nWS2QF7wxCFvQuNV2aFr8U7LE876wRzsolfbKPUs91vByDUi4aBbXnXLWD9bSzDav\n0K4XEr5CdVxNG2lY2lEwmUJKnRoPiPySQvna8wwOf1DY2swCs3oAyvXcDnQd5acY\nkb1VGwOLW6WnrAEUvvg7Uh9ydWlTKhYEyVaBj9BdzjgB9rQ7o8Lg48u3icutjytM\ngLzt0Z9542DKJZ1dDS/IQ/6gvpamCfMvAiCgsr7Ifr7I6zHjVYygaRF2cXk393m7\nVKKNYSPzXLY1ru/013gJvxKaD1bIj89ZFNxWUI6yf8V/ZYvyUYUkkIlw5CSySw47\nQR0Tkgiys1ixrO9NoUbGLebGQY1QDaPXIU8OvOXy3rxS/Y3kRpCHu+P5parJj32E\nQpkAAAc4NgVdLDYFXSwAAAAHc3NoLXJzYQAAAgEA86Xd/S///TOWPASfU49q5Rn/\n1YsuZ0PMe+QLbNm99pVyzdM6yjYrG+eZ84PpUWpjoCvVCdDuIMnASDMTUdetRHak\nWTO8Lsu6L//Ldf6tG5Jdt7R6S+3uoIoBrZRN05Anpil2oSFVHexEU/fh9sgcXbsR\nO3666ox+VKgQyop5sLF564EVjFi54BdQcOghvxEVbDFUxw8HTg/YJaU+0E2szI6f\nCVf7XkCB7H4z41p/3QCEu5JqSkSRAbCEDm9wdu3XE1NLTq4pSDHYLux+O8P2ce1p\n6IReQsz6YjpZJ5jwWS2QF7wxCFvQuNV2aFr8U7LE876wRzsolfbKPUs91vByDUi4\naBbXnXLWD9bSzDav0K4XEr5CdVxNG2lY2lEwmUJKnRoPiPySQvna8wwOf1DY2swC\ns3oAyvXcDnQd5acYkb1VGwOLW6WnrAEUvvg7Uh9ydWlTKhYEyVaBj9BdzjgB9rQ7\no8Lg48u3icutjytMgLzt0Z9542DKJZ1dDS/IQ/6gvpamCfMvAiCgsr7Ifr7I6zHj\nVYygaRF2cXk393m7VKKNYSPzXLY1ru/013gJvxKaD1bIj89ZFNxWUI6yf8V/ZYvy\nUYUkkIlw5CSySw47QR0Tkgiys1ixrO9NoUbGLebGQY1QDaPXIU8OvOXy3rxS/Y3k\nRpCHu+P5parJj32EQpkAAAADAQABAAACACt9Zdx1nunhNWXNJWtS5C+0rle9mjDQ\nh0Vt9SQe0aucDXvzwkCp3pQCiRZQa2se5F2ItWQlKPwtRuccRsyLBOB9lORfOa3Y\nq4k5zWVoahnLzHKoAlRfSgLZ32bOW/3xc0JTkFs+ieTncWLTkj/shDOu2mqWOmL3\nZO1TenvMr9/8Ldj9l40PoU4Am1kr9ioWsI45V/qYEiO67Ef78PRZiQiSRIz0aWfv\nd8Fw3W4tjzkxiH+6qMJM7t0wVsIE3jw8Q/GtInoO2EuMqhvmFrowRmMbj5XzWqft\n0puJ8rQAtpYUbe3up4noaZ80awhBhVyjQkiHtwtf4eSywnKiZY1iKdkf/5xUSgZv\nGBcIfrRAHvHO55X4uwhPLWb2HCSDbLv0BIquffwtw8smMUEhtKS6b+08TiK49NZd\nd420YgogAPesMNaMrish2EEQ4oS4q00MwtQapVUyow0ghLfxxnKdiI/zR8pOW/Zv\nVDpqeqLqXYJSPnQspdXl0QF9YUnbuJ0R0RDMiVcrL2Cf7DKeq2YxPETo/L8yHxVr\nA7kszPaO23kwrbnKTpNq7c+bkouKqI7diGUoqs0W8buYqaaFISoEf5iZ+QO/f0WH\nzm11xJYDIoMKz1WRS69wkJHknme/ICPDCShi3IkNVc8YXxSYpvz2Pf25RlhF6KlO\nljZvciqaO+kpAAABAQCDy8J9nUZN0/jJBD7cGZlzYORsYlRfrpjjwtEkfU3AKqJm\nf++s29wLAO41s4tfNWdc7ThA8IY8b+Oa88DPHGblPLVG7p0QE3UqyVsKRo2EhxKy\nNR7pFfpP0Nu4X0PcmEXR4UOrCyh6pT57FbiwCGqHeXnf3bJ19fVxIQ3ax250+QLV\n44LUjSaxm3UplZZrBWrLu+54CFiF5KGQd6pbLct1F6p+gFXWPS5BcAafhiIkI1JN\nIbjgMhR60W+bwiDcPaxjp4dyx7IXxe2Cz/M63E1XIQLodG5vznO10Z33/dAFKrjg\nqGUjWK+5wTc86rZp81RRMSeP/4fDbrl9vFu1lyt7AAABAQD1UbChE6LwLX+o4gPz\nYqj4FZFcpelVgSPOseS338SgAFkdjUYE4WcfbZBJjN4BLg2byqzN5ZKYHxHI+SY/\nDRbX6GinT8pewq0XLqDuTY93bexLkVyNA7ei6pKpIDHYTcRdP64qRTlt368SrNfP\nCNzO2E/HvWlMjeRdMpPsy8THajC+ljs9wyBHOnQ5gCmP4wm/ZE5w4ymGs+GwnaVT\nU1ZG64WvBekWsosjfw1cjyp/f6gBIP/rnUiiyukcTPkXUPmzP6lNjJX549iOxdXg\neeFktMorNf/wdVduQblDddi0KN2TpmCSCQOb7PziOD7j+8W2sNoWqbtlS89DZuAy\nRKvvAAABAQD+QYzgM7PufeLuqFRj+FV+6j7NkMtawBpd4Lg+0dQ5PFT9U2o7qdX9\nFTUtFjarFaWStgMaaWesQpXm+vAek/TPF3bCMmFZum7kN9dTw+FhVbTlWinMk6dl\n55mGsMGe94X7871wNESIlxVE3OIkzPhG1DIpGd2/LI6rB96mgTp9gHcMqwQM8h+T\n4Kbjg9at5zDFfPd20I9fffkI2flN+NJHspw2BlFoP/zbxo+mhzIuikKLy/BRATPF\niBh41mEMEo+G51D527WaMAKb4AhKJkFyjUEW1vp7L+TRnf8WywoQ2XP+dQZcBGEO\nFAeJn/pf3q5stiAYVM5PKEdKF2cGIJH3AAAAAAEC\n-----END OPENSSH PRIVATE KEY-----\n",
            "private_key_pem": "-----BEGIN RSA PRIVATE KEY-----\nMIIJKgIBAAKCAgEA86Xd/S///TOWPASfU49q5Rn/1YsuZ0PMe+QLbNm99pVyzdM6\nyjYrG+eZ84PpUWpjoCvVCdDuIMnASDMTUdetRHakWTO8Lsu6L//Ldf6tG5Jdt7R6\nS+3uoIoBrZRN05Anpil2oSFVHexEU/fh9sgcXbsRO3666ox+VKgQyop5sLF564EV\njFi54BdQcOghvxEVbDFUxw8HTg/YJaU+0E2szI6fCVf7XkCB7H4z41p/3QCEu5Jq\nSkSRAbCEDm9wdu3XE1NLTq4pSDHYLux+O8P2ce1p6IReQsz6YjpZJ5jwWS2QF7wx\nCFvQuNV2aFr8U7LE876wRzsolfbKPUs91vByDUi4aBbXnXLWD9bSzDav0K4XEr5C\ndVxNG2lY2lEwmUJKnRoPiPySQvna8wwOf1DY2swCs3oAyvXcDnQd5acYkb1VGwOL\nW6WnrAEUvvg7Uh9ydWlTKhYEyVaBj9BdzjgB9rQ7o8Lg48u3icutjytMgLzt0Z95\n42DKJZ1dDS/IQ/6gvpamCfMvAiCgsr7Ifr7I6zHjVYygaRF2cXk393m7VKKNYSPz\nXLY1ru/013gJvxKaD1bIj89ZFNxWUI6yf8V/ZYvyUYUkkIlw5CSySw47QR0Tkgiy\ns1ixrO9NoUbGLebGQY1QDaPXIU8OvOXy3rxS/Y3kRpCHu+P5parJj32EQpkCAwEA\nAQKCAgArfWXcdZ7p4TVlzSVrUuQvtK5XvZow0IdFbfUkHtGrnA1788JAqd6UAokW\nUGtrHuRdiLVkJSj8LUbnHEbMiwTgfZTkXzmt2KuJOc1laGoZy8xyqAJUX0oC2d9m\nzlv98XNCU5BbPonk53Fi05I/7IQzrtpqljpi92TtU3p7zK/f/C3Y/ZeND6FOAJtZ\nK/YqFrCOOVf6mBIjuuxH+/D0WYkIkkSM9Gln73fBcN1uLY85MYh/uqjCTO7dMFbC\nBN48PEPxrSJ6DthLjKob5ha6MEZjG4+V81qn7dKbifK0ALaWFG3t7qeJ6GmfNGsI\nQYVco0JIh7cLX+HkssJyomWNYinZH/+cVEoGbxgXCH60QB7xzueV+LsITy1m9hwk\ng2y79ASKrn38LcPLJjFBIbSkum/tPE4iuPTWXXeNtGIKIAD3rDDWjK4rIdhBEOKE\nuKtNDMLUGqVVMqMNIIS38cZynYiP80fKTlv2b1Q6anqi6l2CUj50LKXV5dEBfWFJ\n27idEdEQzIlXKy9gn+wynqtmMTxE6Py/Mh8VawO5LMz2jtt5MK25yk6Tau3Pm5KL\niqiO3YhlKKrNFvG7mKmmhSEqBH+YmfkDv39Fh85tdcSWAyKDCs9VkUuvcJCR5J5n\nvyAjwwkoYtyJDVXPGF8UmKb89j39uUZYReipTpY2b3IqmjvpKQKCAQEA9VGwoROi\n8C1/qOID82Ko+BWRXKXpVYEjzrHkt9/EoABZHY1GBOFnH22QSYzeAS4Nm8qszeWS\nmB8RyPkmPw0W1+hop0/KXsKtFy6g7k2Pd23sS5FcjQO3ouqSqSAx2E3EXT+uKkU5\nbd+vEqzXzwjczthPx71pTI3kXTKT7MvEx2owvpY7PcMgRzp0OYApj+MJv2ROcOMp\nhrPhsJ2lU1NWRuuFrwXpFrKLI38NXI8qf3+oASD/651IosrpHEz5F1D5sz+pTYyV\n+ePYjsXV4HnhZLTKKzX/8HVXbkG5Q3XYtCjdk6ZgkgkDm+z84jg+4/vFtrDaFqm7\nZUvPQ2bgMkSr7wKCAQEA/kGM4DOz7n3i7qhUY/hVfuo+zZDLWsAaXeC4PtHUOTxU\n/VNqO6nV/RU1LRY2qxWlkrYDGmlnrEKV5vrwHpP0zxd2wjJhWbpu5DfXU8PhYVW0\n5VopzJOnZeeZhrDBnveF+/O9cDREiJcVRNziJMz4RtQyKRndvyyOqwfepoE6fYB3\nDKsEDPIfk+Cm44PWrecwxXz3dtCPX335CNn5TfjSR7KcNgZRaD/828aPpocyLopC\ni8vwUQEzxYgYeNZhDBKPhudQ+du1mjACm+AISiZBco1BFtb6ey/k0Z3/FssKENlz\n/nUGXARhDhQHiZ/6X96ubLYgGFTOTyhHShdnBiCR9wKCAQEAy7eNvQWIfnjaFU2z\nSC768CFA+DYS4V1/dcrGi2c4akI/vsmthqoDr9aVRm7DgSlURbZ17/mf1dGfPEyi\nVSOyf5NRLPeWr0Bs6t5e5+XiqKPQ4SQSPkwC+DhhmC7TFbPmyCT0pcecnEBvq0t7\nX0MV0nNRNSZ2xgriw/4XV0IT5CGr3uj0wyJBsMS69XEXkpRQaO6MMTSDLIg+eCNB\nwkNnVzeIaUK4QI/9+XktiFqfSQeiZWWZAHk5c26bTFQjWhh1c0P/fRWtCboLAO0K\n4gF0ieOUK3QJWQ6ojzfm+D1puppg/pbghQUVSSvxCI76supGUqLkSIOkyca9lFRf\nA3+BYwKCAQEAwqR173FFTs9qed+9cya6dMVovMAbHWcxCCsvgU/rEsIAIkrIadJz\nsiKZKeH2ifSxY2YZbA/DQRlcXo4+YnpMEHna/YHKCwHxQJ8LJeIv2O7e5DGpDCcB\nIL8zRexs3YCKPr5yiMJKsPJQYv5h1WBgtQBfQh2+J0s6EO6eYYNOvqMpADavjCWT\nTQbPXB8iqtDxAk7Pt1KkX6s1ibQs6acRe7fdZHJjwdYygiE4+XhIT16i4RiH6cts\n0cyFR4R+mNpgrBrLX+v104rrhF72maU9ty8x5AVBjiq1Fk/I568aDpoZ9XOrIahs\nkHV+67nf16LGjwzB9z59DhY8tRjDUup+MwKCAQEAg8vCfZ1GTdP4yQQ+3BmZc2Dk\nbGJUX66Y48LRJH1NwCqiZn/vrNvcCwDuNbOLXzVnXO04QPCGPG/jmvPAzxxm5Ty1\nRu6dEBN1KslbCkaNhIcSsjUe6RX6T9DbuF9D3JhF0eFDqwsoeqU+exW4sAhqh3l5\n392ydfX1cSEN2sdudPkC1eOC1I0msZt1KZWWawVqy7vueAhYheShkHeqWy3LdReq\nfoBV1j0uQXAGn4YiJCNSTSG44DIUetFvm8Ig3D2sY6eHcseyF8Xtgs/zOtxNVyEC\n6HRub85ztdGd9/3QBSq44KhlI1ivucE3POq2afNUUTEnj/+Hw265fbxbtZcrew==\n-----END RSA PRIVATE KEY-----\n",
            "private_key_pem_pkcs8": "-----BEGIN PRIVATE KEY-----\nMIIJRAIBADANBgkqhkiG9w0BAQEFAASCCS4wggkqAgEAAoICAQDzpd39L//9M5Y8\nBJ9Tj2rlGf/Viy5nQ8x75Ats2b32lXLN0zrKNisb55nzg+lRamOgK9UJ0O4gycBI\nMxNR161EdqRZM7wuy7ov/8t1/q0bkl23tHpL7e6gigGtlE3TkCemKXahIVUd7ERT\n9+H2yBxduxE7frrqjH5UqBDKinmwsXnrgRWMWLngF1Bw6CG/ERVsMVTHDwdOD9gl\npT7QTazMjp8JV/teQIHsfjPjWn/dAIS7kmpKRJEBsIQOb3B27dcTU0tOrilIMdgu\n7H47w/Zx7WnohF5CzPpiOlknmPBZLZAXvDEIW9C41XZoWvxTssTzvrBHOyiV9so9\nSz3W8HINSLhoFtedctYP1tLMNq/QrhcSvkJ1XE0baVjaUTCZQkqdGg+I/JJC+drz\nDA5/UNjazAKzegDK9dwOdB3lpxiRvVUbA4tbpaesARS++DtSH3J1aVMqFgTJVoGP\n0F3OOAH2tDujwuDjy7eJy62PK0yAvO3Rn3njYMolnV0NL8hD/qC+lqYJ8y8CIKCy\nvsh+vsjrMeNVjKBpEXZxeTf3ebtUoo1hI/NctjWu7/TXeAm/EpoPVsiPz1kU3FZQ\njrJ/xX9li/JRhSSQiXDkJLJLDjtBHROSCLKzWLGs702hRsYt5sZBjVANo9chTw68\n5fLevFL9jeRGkIe74/mlqsmPfYRCmQIDAQABAoICACt9Zdx1nunhNWXNJWtS5C+0\nrle9mjDQh0Vt9SQe0aucDXvzwkCp3pQCiRZQa2se5F2ItWQlKPwtRuccRsyLBOB9\nlORfOa3Yq4k5zWVoahnLzHKoAlRfSgLZ32bOW/3xc0JTkFs+ieTncWLTkj/shDOu\n2mqWOmL3ZO1TenvMr9/8Ldj9l40PoU4Am1kr9ioWsI45V/qYEiO67Ef78PRZiQiS\nRIz0aWfvd8Fw3W4tjzkxiH+6qMJM7t0wVsIE3jw8Q/GtInoO2EuMqhvmFrowRmMb\nj5XzWqft0puJ8rQAtpYUbe3up4noaZ80awhBhVyjQkiHtwtf4eSywnKiZY1iKdkf\n/5xUSgZvGBcIfrRAHvHO55X4uwhPLWb2HCSDbLv0BIquffwtw8smMUEhtKS6b+08\nTiK49NZdd420YgogAPesMNaMrish2EEQ4oS4q00MwtQapVUyow0ghLfxxnKdiI/z\nR8pOW/ZvVDpqeqLqXYJSPnQspdXl0QF9YUnbuJ0R0RDMiVcrL2Cf7DKeq2YxPETo\n/L8yHxVrA7kszPaO23kwrbnKTpNq7c+bkouKqI7diGUoqs0W8buYqaaFISoEf5iZ\n+QO/f0WHzm11xJYDIoMKz1WRS69wkJHknme/ICPDCShi3IkNVc8YXxSYpvz2Pf25\nRlhF6KlOljZvciqaO+kpAoIBAQD1UbChE6LwLX+o4gPzYqj4FZFcpelVgSPOseS3\n38SgAFkdjUYE4WcfbZBJjN4BLg2byqzN5ZKYHxHI+SY/DRbX6GinT8pewq0XLqDu\nTY93bexLkVyNA7ei6pKpIDHYTcRdP64qRTlt368SrNfPCNzO2E/HvWlMjeRdMpPs\ny8THajC+ljs9wyBHOnQ5gCmP4wm/ZE5w4ymGs+GwnaVTU1ZG64WvBekWsosjfw1c\njyp/f6gBIP/rnUiiyukcTPkXUPmzP6lNjJX549iOxdXgeeFktMorNf/wdVduQblD\nddi0KN2TpmCSCQOb7PziOD7j+8W2sNoWqbtlS89DZuAyRKvvAoIBAQD+QYzgM7Pu\nfeLuqFRj+FV+6j7NkMtawBpd4Lg+0dQ5PFT9U2o7qdX9FTUtFjarFaWStgMaaWes\nQpXm+vAek/TPF3bCMmFZum7kN9dTw+FhVbTlWinMk6dl55mGsMGe94X7871wNESI\nlxVE3OIkzPhG1DIpGd2/LI6rB96mgTp9gHcMqwQM8h+T4Kbjg9at5zDFfPd20I9f\nffkI2flN+NJHspw2BlFoP/zbxo+mhzIuikKLy/BRATPFiBh41mEMEo+G51D527Wa\nMAKb4AhKJkFyjUEW1vp7L+TRnf8WywoQ2XP+dQZcBGEOFAeJn/pf3q5stiAYVM5P\nKEdKF2cGIJH3AoIBAQDLt429BYh+eNoVTbNILvrwIUD4NhLhXX91ysaLZzhqQj++\nya2GqgOv1pVGbsOBKVRFtnXv+Z/V0Z88TKJVI7J/k1Es95avQGzq3l7n5eKoo9Dh\nJBI+TAL4OGGYLtMVs+bIJPSlx5ycQG+rS3tfQxXSc1E1JnbGCuLD/hdXQhPkIave\n6PTDIkGwxLr1cReSlFBo7owxNIMsiD54I0HCQ2dXN4hpQrhAj/35eS2IWp9JB6Jl\nZZkAeTlzbptMVCNaGHVzQ/99Fa0JugsA7QriAXSJ45QrdAlZDqiPN+b4PWm6mmD+\nluCFBRVJK/EIjvqy6kZSouRIg6TJxr2UVF8Df4FjAoIBAQDCpHXvcUVOz2p5371z\nJrp0xWi8wBsdZzEIKy+BT+sSwgAiSshp0nOyIpkp4faJ9LFjZhlsD8NBGVxejj5i\nekwQedr9gcoLAfFAnwsl4i/Y7t7kMakMJwEgvzNF7GzdgIo+vnKIwkqw8lBi/mHV\nYGC1AF9CHb4nSzoQ7p5hg06+oykANq+MJZNNBs9cHyKq0PECTs+3UqRfqzWJtCzp\npxF7t91kcmPB1jKCITj5eEhPXqLhGIfpy2zRzIVHhH6Y2mCsGstf6/XTiuuEXvaZ\npT23LzHkBUGOKrUWT8jnrxoOmhn1c6shqGyQdX7rud/XosaPDMH3Pn0OFjy1GMNS\n6n4zAoIBAQCDy8J9nUZN0/jJBD7cGZlzYORsYlRfrpjjwtEkfU3AKqJmf++s29wL\nAO41s4tfNWdc7ThA8IY8b+Oa88DPHGblPLVG7p0QE3UqyVsKRo2EhxKyNR7pFfpP\n0Nu4X0PcmEXR4UOrCyh6pT57FbiwCGqHeXnf3bJ19fVxIQ3ax250+QLV44LUjSax\nm3UplZZrBWrLu+54CFiF5KGQd6pbLct1F6p+gFXWPS5BcAafhiIkI1JNIbjgMhR6\n0W+bwiDcPaxjp4dyx7IXxe2Cz/M63E1XIQLodG5vznO10Z33/dAFKrjgqGUjWK+5\nwTc86rZp81RRMSeP/4fDbrl9vFu1lyt7\n-----END PRIVATE KEY-----\n",
            "public_key_fingerprint_md5": "fe:fc:fa:be:95:90:1f:54:18:a5:91:cc:91:e7:44:51",
            "public_key_fingerprint_sha256": "SHA256:o2KqbH0Zox6oiPCv0KJ5dBLHQ7EGbwc3MmaigYRuV1k",
            "public_key_openssh": "ssh-rsa AAAAB3NzaC1yc2EAAAADAQABAAACAQDzpd39L//9M5Y8BJ9Tj2rlGf/Viy5nQ8x75Ats2b32lXLN0zrKNisb55nzg+lRamOgK9UJ0O4gycBIMxNR161EdqRZM7wuy7ov/8t1/q0bkl23tHpL7e6gigGtlE3TkCemKXahIVUd7ERT9+H2yBxduxE7frrqjH5UqBDKinmwsXnrgRWMWLngF1Bw6CG/ERVsMVTHDwdOD9glpT7QTazMjp8JV/teQIHsfjPjWn/dAIS7kmpKRJEBsIQOb3B27dcTU0tOrilIMdgu7H47w/Zx7WnohF5CzPpiOlknmPBZLZAXvDEIW9C41XZoWvxTssTzvrBHOyiV9so9Sz3W8HINSLhoFtedctYP1tLMNq/QrhcSvkJ1XE0baVjaUTCZQkqdGg+I/JJC+drzDA5/UNjazAKzegDK9dwOdB3lpxiRvVUbA4tbpaesARS++DtSH3J1aVMqFgTJVoGP0F3OOAH2tDujwuDjy7eJy62PK0yAvO3Rn3njYMolnV0NL8hD/qC+lqYJ8y8CIKCyvsh+vsjrMeNVjKBpEXZxeTf3ebtUoo1hI/NctjWu7/TXeAm/EpoPVsiPz1kU3FZQjrJ/xX9li/JRhSSQiXDkJLJLDjtBHROSCLKzWLGs702hRsYt5sZBjVANo9chTw685fLevFL9jeRGkIe74/mlqsmPfYRCmQ==\n",
            "public_key_pem": "-----BEGIN PUBLIC KEY-----\nMIICIjANBgkqhkiG9w0BAQEFAAOCAg8AMIICCgKCAgEA86Xd/S///TOWPASfU49q\n5Rn/1YsuZ0PMe+QLbNm99pVyzdM6yjYrG+eZ84PpUWpjoCvVCdDuIMnASDMTUdet\nRHakWTO8Lsu6L//Ldf6tG5Jdt7R6S+3uoIoBrZRN05Anpil2oSFVHexEU/fh9sgc\nXbsRO3666ox+VKgQyop5sLF564EVjFi54BdQcOghvxEVbDFUxw8HTg/YJaU+0E2s\nzI6fCVf7XkCB7H4z41p/3QCEu5JqSkSRAbCEDm9wdu3XE1NLTq4pSDHYLux+O8P2\nce1p6IReQsz6YjpZJ5jwWS2QF7wxCFvQuNV2aFr8U7LE876wRzsolfbKPUs91vBy\nDUi4aBbXnXLWD9bSzDav0K4XEr5CdVxNG2lY2lEwmUJKnRoPiPySQvna8wwOf1DY\n2swCs3oAyvXcDnQd5acYkb1VGwOLW6WnrAEUvvg7Uh9ydWlTKhYEyVaBj9BdzjgB\n9rQ7o8Lg48u3icutjytMgLzt0Z9542DKJZ1dDS/IQ/6gvpamCfMvAiCgsr7Ifr7I\n6zHjVYygaRF2cXk393m7VKKNYSPzXLY1ru/013gJvxKaD1bIj89ZFNxWUI6yf8V/\nZYvyUYUkkIlw5CSySw47QR0Tkgiys1ixrO9NoUbGLebGQY1QDaPXIU8OvOXy3rxS\n/Y3kRpCHu+P5parJj32EQpkCAwEAAQ==\n-----END PUBLIC KEY-----\n",
            "rsa_bits": 4096
          },
          "sensitive_attributes": []
        }
      ]
    }
  ],
  "check_results": null
}
